
Microsoft Visual Studio Solution File, Format Version 12.00
# Visual Studio Version 17
VisualStudioVersion = 17.8.34330.188
MinimumVisualStudioVersion = 10.0.40219.1
Project("{2150E333-8FDC-42A3-9474-1A3956D46DE8}") = "Producers", "Producers", "{EDF7B3B6-2A87-44A3-81CE-B267F107CF4A}"
EndProject
Project("{2150E333-8FDC-42A3-9474-1A3956D46DE8}") = "Pirani", "Pirani", "{E35BB232-D519-43AC-9C38-B7F677925BCE}"
EndProject
Project("{9A19103F-16F7-4668-BE54-9A1E7A4F7556}") = "user-consumer-lambda-dev", "Pirani\user-consumer-lambda-dev\user-consumer-lambda-dev.csproj", "{598C0E27-164E-4686-88E5-B937C90EAE3C}"
EndProject
Project("{9A19103F-16F7-4668-BE54-9A1E7A4F7556}") = "user-producer-lambda-dev", "Producers\user-producer-lambda-dev\user-producer-lambda-dev.csproj", "{BB88CCA1-023E-4A15-966D-BF07F5F678C7}"
EndProject
Project("{9A19103F-16F7-4668-BE54-9A1E7A4F7556}") = "dev-tangonet-transaction-producer-lambda", "Producers\dev-tangonet-transaction-producer-lambda\dev-tangonet-transaction-producer-lambda.csproj", "{5BD62133-B6DC-4048-8B23-6E670FDAB905}"
EndProject
Project("{9A19103F-16F7-4668-BE54-9A1E7A4F7556}") = "transaction-consumer-lambda-dev", "Pirani\transaction-consumer-lambda-dev\transaction-consumer-lambda-dev.csproj", "{EA167BED-EFAD-4D3D-8003-4BFE9A95097E}"
EndProject
Project("{9A19103F-16F7-4668-BE54-9A1E7A4F7556}") = "product-consumer-lambda-dev", "Pirani\product-consumer-lambda-dev\product-consumer-lambda-dev.csproj", "{9A6C9869-E8DE-4820-95E8-6E9D5F644016}"
EndProject
Project("{9A19103F-16F7-4668-BE54-9A1E7A4F7556}") = "dev-tangonet-user-consumer-lambda", "Pirani\dev-tangonet-user-consumer-lambda\dev-tangonet-user-consumer-lambda.csproj", "{9239FD2A-075D-4616-AAC3-2F5FB6482906}"
EndProject
Global
	GlobalSection(SolutionConfigurationPlatforms) = preSolution
		Debug|Any CPU = Debug|Any CPU
		Release|Any CPU = Release|Any CPU
	EndGlobalSection
	GlobalSection(ProjectConfigurationPlatforms) = postSolution
		{598C0E27-164E-4686-88E5-B937C90EAE3C}.Debug|Any CPU.ActiveCfg = Debug|Any CPU
		{598C0E27-164E-4686-88E5-B937C90EAE3C}.Debug|Any CPU.Build.0 = Debug|Any CPU
		{598C0E27-164E-4686-88E5-B937C90EAE3C}.Release|Any CPU.ActiveCfg = Release|Any CPU
		{598C0E27-164E-4686-88E5-B937C90EAE3C}.Release|Any CPU.Build.0 = Release|Any CPU
		{BB88CCA1-023E-4A15-966D-BF07F5F678C7}.Debug|Any CPU.ActiveCfg = Debug|Any CPU
		{BB88CCA1-023E-4A15-966D-BF07F5F678C7}.Debug|Any CPU.Build.0 = Debug|Any CPU
		{BB88CCA1-023E-4A15-966D-BF07F5F678C7}.Release|Any CPU.ActiveCfg = Release|Any CPU
		{BB88CCA1-023E-4A15-966D-BF07F5F678C7}.Release|Any CPU.Build.0 = Release|Any CPU
		{5BD62133-B6DC-4048-8B23-6E670FDAB905}.Debug|Any CPU.ActiveCfg = Debug|Any CPU
		{5BD62133-B6DC-4048-8B23-6E670FDAB905}.Debug|Any CPU.Build.0 = Debug|Any CPU
		{5BD62133-B6DC-4048-8B23-6E670FDAB905}.Release|Any CPU.ActiveCfg = Release|Any CPU
		{5BD62133-B6DC-4048-8B23-6E670FDAB905}.Release|Any CPU.Build.0 = Release|Any CPU
		{EA167BED-EFAD-4D3D-8003-4BFE9A95097E}.Debug|Any CPU.ActiveCfg = Debug|Any CPU
		{EA167BED-EFAD-4D3D-8003-4BFE9A95097E}.Debug|Any CPU.Build.0 = Debug|Any CPU
		{EA167BED-EFAD-4D3D-8003-4BFE9A95097E}.Release|Any CPU.ActiveCfg = Release|Any CPU
		{EA167BED-EFAD-4D3D-8003-4BFE9A95097E}.Release|Any CPU.Build.0 = Release|Any CPU
		{9A6C9869-E8DE-4820-95E8-6E9D5F644016}.Debug|Any CPU.ActiveCfg = Debug|Any CPU
		{9A6C9869-E8DE-4820-95E8-6E9D5F644016}.Debug|Any CPU.Build.0 = Debug|Any CPU
		{9A6C9869-E8DE-4820-95E8-6E9D5F644016}.Release|Any CPU.ActiveCfg = Release|Any CPU
		{9A6C9869-E8DE-4820-95E8-6E9D5F644016}.Release|Any CPU.Build.0 = Release|Any CPU
		{9239FD2A-075D-4616-AAC3-2F5FB6482906}.Debug|Any CPU.ActiveCfg = Debug|Any CPU
		{9239FD2A-075D-4616-AAC3-2F5FB6482906}.Debug|Any CPU.Build.0 = Debug|Any CPU
		{9239FD2A-075D-4616-AAC3-2F5FB6482906}.Release|Any CPU.ActiveCfg = Release|Any CPU
		{9239FD2A-075D-4616-AAC3-2F5FB6482906}.Release|Any CPU.Build.0 = Release|Any CPU
	EndGlobalSection
	GlobalSection(SolutionProperties) = preSolution
		HideSolutionNode = FALSE
	EndGlobalSection
	GlobalSection(NestedProjects) = preSolution
		{598C0E27-164E-4686-88E5-B937C90EAE3C} = {E35BB232-D519-43AC-9C38-B7F677925BCE}
		{BB88CCA1-023E-4A15-966D-BF07F5F678C7} = {EDF7B3B6-2A87-44A3-81CE-B267F107CF4A}
		{5BD62133-B6DC-4048-8B23-6E670FDAB905} = {EDF7B3B6-2A87-44A3-81CE-B267F107CF4A}
		{EA167BED-EFAD-4D3D-8003-4BFE9A95097E} = {E35BB232-D519-43AC-9C38-B7F677925BCE}
		{9A6C9869-E8DE-4820-95E8-6E9D5F644016} = {E35BB232-D519-43AC-9C38-B7F677925BCE}
		{9239FD2A-075D-4616-AAC3-2F5FB6482906} = {E35BB232-D519-43AC-9C38-B7F677925BCE}
	EndGlobalSection
	GlobalSection(ExtensibilityGlobals) = postSolution
		SolutionGuid = {D380F4C6-8C46-40A0-9877-F129D0627DE0}
	EndGlobalSection
EndGlobal
